Microsoft Visual Studio Solution File, Format Version 12.00
# Visual Studio Version 17
VisualStudioVersion = 17.5.2.0
MinimumVisualStudioVersion = 10.0.40219.1
Project("{FAE04EC0-301F-11D3-BF4B-00C04F79EFBC}") = "assignmentForC#", "assignmentForC#.csproj", "{30E0B638-E4B2-74F2-590D-1A820FCB2BAD}"
EndProject
Global
	GlobalSection(SolutionConfigurationPlatforms) = preSolution
		Debug|Any CPU = Debug|Any CPU
		Release|Any CPU = Release|Any CPU
	EndGlobalSection
	GlobalSection(ProjectConfigurationPlatforms) = postSolution
		{30E0B638-E4B2-74F2-590D-1A820FCB2BAD}.Debug|Any CPU.ActiveCfg = Debug|Any CPU
		{30E0B638-E4B2-74F2-590D-1A820FCB2BAD}.Debug|Any CPU.Build.0 = Debug|Any CPU
		{30E0B638-E4B2-74F2-590D-1A820FCB2BAD}.Release|Any CPU.ActiveCfg = Release|Any CPU
		{30E0B638-E4B2-74F2-590D-1A820FCB2BAD}.Release|Any CPU.Build.0 = Release|Any CPU
	EndGlobalSection
	GlobalSection(SolutionProperties) = preSolution
		HideSolutionNode = FALSE
	EndGlobalSection
	GlobalSection(ExtensibilityGlobals) = postSolution
		SolutionGuid = {DD70B5C9-834E-4FE4-9AE7-1BC0887D4D97}
	EndGlobalSection
EndGlobal
